
Microsoft Visual Studio Solution File, Format Version 12.00
# Visual Studio Version 17
VisualStudioVersion = 17.0.31903.59
MinimumVisualStudioVersion = 10.0.40219.1
Project("{FAE04EC0-301F-11D3-BF4B-00C04F79EFBC}") = "GeometryTools.Lib", "GeometryTools.Lib\GeometryTools.Lib.csproj", "{CBE8EC6A-A7D8-46C4-906B-6BCD8720DA52}"
EndProject
Project("{FAE04EC0-301F-11D3-BF4B-00C04F79EFBC}") = "GeometryTools.App", "GeometryTools.App\GeometryTools.App.csproj", "{3B480026-B023-43EE-A907-4D85C9AA179F}"
EndProject
Project("{FAE04EC0-301F-11D3-BF4B-00C04F79EFBC}") = "GeometryTools.Tests", "GeometryTools.Tests\GeometryTools.Tests.csproj", "{D7501A69-2CFB-4908-9D61-EC0BE5F97AAF}"
EndProject
Global
	GlobalSection(SolutionConfigurationPlatforms) = preSolution
		Debug|Any CPU = Debug|Any CPU
		Debug|x64 = Debug|x64
		Debug|x86 = Debug|x86
		Release|Any CPU = Release|Any CPU
		Release|x64 = Release|x64
		Release|x86 = Release|x86
	EndGlobalSection
	GlobalSection(ProjectConfigurationPlatforms) = postSolution
		{CBE8EC6A-A7D8-46C4-906B-6BCD8720DA52}.Debug|Any CPU.ActiveCfg = Debug|Any CPU
		{CBE8EC6A-A7D8-46C4-906B-6BCD8720DA52}.Debug|Any CPU.Build.0 = Debug|Any CPU
		{CBE8EC6A-A7D8-46C4-906B-6BCD8720DA52}.Debug|x64.ActiveCfg = Debug|Any CPU
		{CBE8EC6A-A7D8-46C4-906B-6BCD8720DA52}.Debug|x64.Build.0 = Debug|Any CPU
		{CBE8EC6A-A7D8-46C4-906B-6BCD8720DA52}.Debug|x86.ActiveCfg = Debug|Any CPU
		{CBE8EC6A-A7D8-46C4-906B-6BCD8720DA52}.Debug|x86.Build.0 = Debug|Any CPU
		{CBE8EC6A-A7D8-46C4-906B-6BCD8720DA52}.Release|Any CPU.ActiveCfg = Release|Any CPU
		{CBE8EC6A-A7D8-46C4-906B-6BCD8720DA52}.Release|Any CPU.Build.0 = Release|Any CPU
		{CBE8EC6A-A7D8-46C4-906B-6BCD8720DA52}.Release|x64.ActiveCfg = Release|Any CPU
		{CBE8EC6A-A7D8-46C4-906B-6BCD8720DA52}.Release|x64.Build.0 = Release|Any CPU
		{CBE8EC6A-A7D8-46C4-906B-6BCD8720DA52}.Release|x86.ActiveCfg = Release|Any CPU
		{CBE8EC6A-A7D8-46C4-906B-6BCD8720DA52}.Release|x86.Build.0 = Release|Any CPU
		{3B480026-B023-43EE-A907-4D85C9AA179F}.Debug|Any CPU.ActiveCfg = Debug|Any CPU
		{3B480026-B023-43EE-A907-4D85C9AA179F}.Debug|Any CPU.Build.0 = Debug|Any CPU
		{3B480026-B023-43EE-A907-4D85C9AA179F}.Debug|x64.ActiveCfg = Debug|Any CPU
		{3B480026-B023-43EE-A907-4D85C9AA179F}.Debug|x64.Build.0 = Debug|Any CPU
		{3B480026-B023-43EE-A907-4D85C9AA179F}.Debug|x86.ActiveCfg = Debug|Any CPU
		{3B480026-B023-43EE-A907-4D85C9AA179F}.Debug|x86.Build.0 = Debug|Any CPU
		{3B480026-B023-43EE-A907-4D85C9AA179F}.Release|Any CPU.ActiveCfg = Release|Any CPU
		{3B480026-B023-43EE-A907-4D85C9AA179F}.Release|Any CPU.Build.0 = Release|Any CPU
		{3B480026-B023-43EE-A907-4D85C9AA179F}.Release|x64.ActiveCfg = Release|Any CPU
		{3B480026-B023-43EE-A907-4D85C9AA179F}.Release|x64.Build.0 = Release|Any CPU
		{3B480026-B023-43EE-A907-4D85C9AA179F}.Release|x86.ActiveCfg = Release|Any CPU
		{3B480026-B023-43EE-A907-4D85C9AA179F}.Release|x86.Build.0 = Release|Any CPU
		{D7501A69-2CFB-4908-9D61-EC0BE5F97AAF}.Debug|Any CPU.ActiveCfg = Debug|Any CPU
		{D7501A69-2CFB-4908-9D61-EC0BE5F97AAF}.Debug|Any CPU.Build.0 = Debug|Any CPU
		{D7501A69-2CFB-4908-9D61-EC0BE5F97AAF}.Debug|x64.ActiveCfg = Debug|Any CPU
		{D7501A69-2CFB-4908-9D61-EC0BE5F97AAF}.Debug|x64.Build.0 = Debug|Any CPU
		{D7501A69-2CFB-4908-9D61-EC0BE5F97AAF}.Debug|x86.ActiveCfg = Debug|Any CPU
		{D7501A69-2CFB-4908-9D61-EC0BE5F97AAF}.Debug|x86.Build.0 = Debug|Any CPU
		{D7501A69-2CFB-4908-9D61-EC0BE5F97AAF}.Release|Any CPU.ActiveCfg = Release|Any CPU
		{D7501A69-2CFB-4908-9D61-EC0BE5F97AAF}.Release|Any CPU.Build.0 = Release|Any CPU
		{D7501A69-2CFB-4908-9D61-EC0BE5F97AAF}.Release|x64.ActiveCfg = Release|Any CPU
		{D7501A69-2CFB-4908-9D61-EC0BE5F97AAF}.Release|x64.Build.0 = Release|Any CPU
		{D7501A69-2CFB-4908-9D61-EC0BE5F97AAF}.Release|x86.ActiveCfg = Release|Any CPU
		{D7501A69-2CFB-4908-9D61-EC0BE5F97AAF}.Release|x86.Build.0 = Release|Any CPU
	EndGlobalSection
	GlobalSection(SolutionProperties) = preSolution
		HideSolutionNode = FALSE
	EndGlobalSection
EndGlobal
