
Microsoft Visual Studio Solution File, Format Version 12.00
# Visual Studio Version 17
VisualStudioVersion = 17.0.31903.59
MinimumVisualStudioVersion = 10.0.40219.1
Project("{FAE04EC0-301F-11D3-BF4B-00C04F79EFBC}") = "TemperatureConverter.App", "TemperatureConverter.App\TemperatureConverter.App.csproj", "{38C8D1CC-557F-4C76-9C66-776BAFDA73F6}"
EndProject
Project("{FAE04EC0-301F-11D3-BF4B-00C04F79EFBC}") = "TemperatureConverter.Tests", "TemperatureConverter.Tests\TemperatureConverter.Tests.csproj", "{8BCBE4BA-01D4-4291-AA27-1FB0623DD449}"
EndProject
Project("{FAE04EC0-301F-11D3-BF4B-00C04F79EFBC}") = "TemperatureConverter.Lib", "TemperatureConverter.Lib\TemperatureConverter.Lib.csproj", "{F913673F-410C-40CF-B748-49BAC044F5F2}"
EndProject
Global
	GlobalSection(SolutionConfigurationPlatforms) = preSolution
		Debug|Any CPU = Debug|Any CPU
		Debug|x64 = Debug|x64
		Debug|x86 = Debug|x86
		Release|Any CPU = Release|Any CPU
		Release|x64 = Release|x64
		Release|x86 = Release|x86
	EndGlobalSection
	GlobalSection(ProjectConfigurationPlatforms) = postSolution
		{38C8D1CC-557F-4C76-9C66-776BAFDA73F6}.Debug|Any CPU.ActiveCfg = Debug|Any CPU
		{38C8D1CC-557F-4C76-9C66-776BAFDA73F6}.Debug|Any CPU.Build.0 = Debug|Any CPU
		{38C8D1CC-557F-4C76-9C66-776BAFDA73F6}.Debug|x64.ActiveCfg = Debug|Any CPU
		{38C8D1CC-557F-4C76-9C66-776BAFDA73F6}.Debug|x64.Build.0 = Debug|Any CPU
		{38C8D1CC-557F-4C76-9C66-776BAFDA73F6}.Debug|x86.ActiveCfg = Debug|Any CPU
		{38C8D1CC-557F-4C76-9C66-776BAFDA73F6}.Debug|x86.Build.0 = Debug|Any CPU
		{38C8D1CC-557F-4C76-9C66-776BAFDA73F6}.Release|Any CPU.ActiveCfg = Release|Any CPU
		{38C8D1CC-557F-4C76-9C66-776BAFDA73F6}.Release|Any CPU.Build.0 = Release|Any CPU
		{38C8D1CC-557F-4C76-9C66-776BAFDA73F6}.Release|x64.ActiveCfg = Release|Any CPU
		{38C8D1CC-557F-4C76-9C66-776BAFDA73F6}.Release|x64.Build.0 = Release|Any CPU
		{38C8D1CC-557F-4C76-9C66-776BAFDA73F6}.Release|x86.ActiveCfg = Release|Any CPU
		{38C8D1CC-557F-4C76-9C66-776BAFDA73F6}.Release|x86.Build.0 = Release|Any CPU
		{8BCBE4BA-01D4-4291-AA27-1FB0623DD449}.Debug|Any CPU.ActiveCfg = Debug|Any CPU
		{8BCBE4BA-01D4-4291-AA27-1FB0623DD449}.Debug|Any CPU.Build.0 = Debug|Any CPU
		{8BCBE4BA-01D4-4291-AA27-1FB0623DD449}.Debug|x64.ActiveCfg = Debug|Any CPU
		{8BCBE4BA-01D4-4291-AA27-1FB0623DD449}.Debug|x64.Build.0 = Debug|Any CPU
		{8BCBE4BA-01D4-4291-AA27-1FB0623DD449}.Debug|x86.ActiveCfg = Debug|Any CPU
		{8BCBE4BA-01D4-4291-AA27-1FB0623DD449}.Debug|x86.Build.0 = Debug|Any CPU
		{8BCBE4BA-01D4-4291-AA27-1FB0623DD449}.Release|Any CPU.ActiveCfg = Release|Any CPU
		{8BCBE4BA-01D4-4291-AA27-1FB0623DD449}.Release|Any CPU.Build.0 = Release|Any CPU
		{8BCBE4BA-01D4-4291-AA27-1FB0623DD449}.Release|x64.ActiveCfg = Release|Any CPU
		{8BCBE4BA-01D4-4291-AA27-1FB0623DD449}.Release|x64.Build.0 = Release|Any CPU
		{8BCBE4BA-01D4-4291-AA27-1FB0623DD449}.Release|x86.ActiveCfg = Release|Any CPU
		{8BCBE4BA-01D4-4291-AA27-1FB0623DD449}.Release|x86.Build.0 = Release|Any CPU
		{F913673F-410C-40CF-B748-49BAC044F5F2}.Debug|Any CPU.ActiveCfg = Debug|Any CPU
		{F913673F-410C-40CF-B748-49BAC044F5F2}.Debug|Any CPU.Build.0 = Debug|Any CPU
		{F913673F-410C-40CF-B748-49BAC044F5F2}.Debug|x64.ActiveCfg = Debug|Any CPU
		{F913673F-410C-40CF-B748-49BAC044F5F2}.Debug|x64.Build.0 = Debug|Any CPU
		{F913673F-410C-40CF-B748-49BAC044F5F2}.Debug|x86.ActiveCfg = Debug|Any CPU
		{F913673F-410C-40CF-B748-49BAC044F5F2}.Debug|x86.Build.0 = Debug|Any CPU
		{F913673F-410C-40CF-B748-49BAC044F5F2}.Release|Any CPU.ActiveCfg = Release|Any CPU
		{F913673F-410C-40CF-B748-49BAC044F5F2}.Release|Any CPU.Build.0 = Release|Any CPU
		{F913673F-410C-40CF-B748-49BAC044F5F2}.Release|x64.ActiveCfg = Release|Any CPU
		{F913673F-410C-40CF-B748-49BAC044F5F2}.Release|x64.Build.0 = Release|Any CPU
		{F913673F-410C-40CF-B748-49BAC044F5F2}.Release|x86.ActiveCfg = Release|Any CPU
		{F913673F-410C-40CF-B748-49BAC044F5F2}.Release|x86.Build.0 = Release|Any CPU
	EndGlobalSection
	GlobalSection(SolutionProperties) = preSolution
		HideSolutionNode = FALSE
	EndGlobalSection
EndGlobal
